
Microsoft Visual Studio Solution File, Format Version 12.00
# Visual Studio 15
VisualStudioVersion = 15.0.27428.2043
MinimumVisualStudioVersion = 10.0.40219.1
Project("{888888A0-9F3D-457C-B088-3A5042F75D52}") = "CodingTheMatrix", "CodingTheMatrix.pyproj", "{34A07392-30F6-435A-A7F0-0998910BF83C}"
EndProject
Global
	GlobalSection(SolutionConfigurationPlatforms) = preSolution
		Debug|Any CPU = Debug|Any CPU
		Release|Any CPU = Release|Any CPU
	EndGlobalSection
	GlobalSection(ProjectConfigurationPlatforms) = postSolution
		{34A07392-30F6-435A-A7F0-0998910BF83C}.Debug|Any CPU.ActiveCfg = Debug|Any CPU
		{34A07392-30F6-435A-A7F0-0998910BF83C}.Release|Any CPU.ActiveCfg = Release|Any CPU
	EndGlobalSection
	GlobalSection(SolutionProperties) = preSolution
		HideSolutionNode = FALSE
	EndGlobalSection
	GlobalSection(ExtensibilityGlobals) = postSolution
		SolutionGuid = {D513340C-EAE3-47C3-944D-836DCE14EA08}
	EndGlobalSection
EndGlobal
